
Microsoft Visual Studio Solution File, Format Version 12.00
# Visual Studio 15
VisualStudioVersion = 15.0.26730.12
MinimumVisualStudioVersion = 10.0.40219.1
Project("{FAE04EC0-301F-11D3-BF4B-00C04F79EFBC}") = "WebDevLab9", "WebDevLab9\WebDevLab9.csproj", "{B016A564-4C52-4BD7-97AB-B81B80B53960}"
EndProject
Project("{FAE04EC0-301F-11D3-BF4B-00C04F79EFBC}") = "WebApi", "WebApi\WebApi.csproj", "{2917797E-90A6-4B77-844A-CB9ED673412C}"
EndProject
Global
	GlobalSection(SolutionConfigurationPlatforms) = preSolution
		Debug|Any CPU = Debug|Any CPU
		Release|Any CPU = Release|Any CPU
	EndGlobalSection
	GlobalSection(ProjectConfigurationPlatforms) = postSolution
		{B016A564-4C52-4BD7-97AB-B81B80B53960}.Debug|Any CPU.ActiveCfg = Debug|Any CPU
		{B016A564-4C52-4BD7-97AB-B81B80B53960}.Debug|Any CPU.Build.0 = Debug|Any CPU
		{B016A564-4C52-4BD7-97AB-B81B80B53960}.Release|Any CPU.ActiveCfg = Release|Any CPU
		{B016A564-4C52-4BD7-97AB-B81B80B53960}.Release|Any CPU.Build.0 = Release|Any CPU
		{2917797E-90A6-4B77-844A-CB9ED673412C}.Debug|Any CPU.ActiveCfg = Debug|Any CPU
		{2917797E-90A6-4B77-844A-CB9ED673412C}.Debug|Any CPU.Build.0 = Debug|Any CPU
		{2917797E-90A6-4B77-844A-CB9ED673412C}.Release|Any CPU.ActiveCfg = Release|Any CPU
		{2917797E-90A6-4B77-844A-CB9ED673412C}.Release|Any CPU.Build.0 = Release|Any CPU
	EndGlobalSection
	GlobalSection(SolutionProperties) = preSolution
		HideSolutionNode = FALSE
	EndGlobalSection
	GlobalSection(ExtensibilityGlobals) = postSolution
		SolutionGuid = {20DCF057-9EA4-4AA0-831F-9B9C5FE0BB26}
	EndGlobalSection
EndGlobal
